
Microsoft Visual Studio Solution File, Format Version 12.00
# Visual Studio Version 17
VisualStudioVersion = 17.0.31903.59
MinimumVisualStudioVersion = 10.0.40219.1
Project("{FAE04EC0-301F-11D3-BF4B-00C04F79EFBC}") = "share", "share\share.csproj", "{26FC7F23-B122-4267-998B-A8A65577ABC2}"
EndProject
Project("{FAE04EC0-301F-11D3-BF4B-00C04F79EFBC}") = "server", "server\server.csproj", "{A4FD0BA9-9A38-4C00-92E1-5771FF5F4F1C}"
EndProject
Project("{FAE04EC0-301F-11D3-BF4B-00C04F79EFBC}") = "client", "client\client.csproj", "{6F746763-F3A7-4B4D-B7DC-359EE8486634}"
EndProject
Project("{FAE04EC0-301F-11D3-BF4B-00C04F79EFBC}") = "helper", "helper\helper.csproj", "{9B7B0775-928C-4056-B5F1-480CDE5BE278}"
EndProject
Global
	GlobalSection(SolutionConfigurationPlatforms) = preSolution
		Debug|Any CPU = Debug|Any CPU
		Release|Any CPU = Release|Any CPU
	EndGlobalSection
	GlobalSection(SolutionProperties) = preSolution
		HideSolutionNode = FALSE
	EndGlobalSection
	GlobalSection(ProjectConfigurationPlatforms) = postSolution
		{26FC7F23-B122-4267-998B-A8A65577ABC2}.Debug|Any CPU.ActiveCfg = Debug|Any CPU
		{26FC7F23-B122-4267-998B-A8A65577ABC2}.Debug|Any CPU.Build.0 = Debug|Any CPU
		{26FC7F23-B122-4267-998B-A8A65577ABC2}.Release|Any CPU.ActiveCfg = Release|Any CPU
		{26FC7F23-B122-4267-998B-A8A65577ABC2}.Release|Any CPU.Build.0 = Release|Any CPU
		{A4FD0BA9-9A38-4C00-92E1-5771FF5F4F1C}.Debug|Any CPU.ActiveCfg = Debug|Any CPU
		{A4FD0BA9-9A38-4C00-92E1-5771FF5F4F1C}.Debug|Any CPU.Build.0 = Debug|Any CPU
		{A4FD0BA9-9A38-4C00-92E1-5771FF5F4F1C}.Release|Any CPU.ActiveCfg = Release|Any CPU
		{A4FD0BA9-9A38-4C00-92E1-5771FF5F4F1C}.Release|Any CPU.Build.0 = Release|Any CPU
		{6F746763-F3A7-4B4D-B7DC-359EE8486634}.Debug|Any CPU.ActiveCfg = Debug|Any CPU
		{6F746763-F3A7-4B4D-B7DC-359EE8486634}.Debug|Any CPU.Build.0 = Debug|Any CPU
		{6F746763-F3A7-4B4D-B7DC-359EE8486634}.Release|Any CPU.ActiveCfg = Release|Any CPU
		{6F746763-F3A7-4B4D-B7DC-359EE8486634}.Release|Any CPU.Build.0 = Release|Any CPU
		{9B7B0775-928C-4056-B5F1-480CDE5BE278}.Debug|Any CPU.ActiveCfg = Debug|Any CPU
		{9B7B0775-928C-4056-B5F1-480CDE5BE278}.Debug|Any CPU.Build.0 = Debug|Any CPU
		{9B7B0775-928C-4056-B5F1-480CDE5BE278}.Release|Any CPU.ActiveCfg = Release|Any CPU
		{9B7B0775-928C-4056-B5F1-480CDE5BE278}.Release|Any CPU.Build.0 = Release|Any CPU
	EndGlobalSection
EndGlobal
